
Microsoft Visual Studio Solution File, Format Version 12.00
# Visual Studio 15
VisualStudioVersion = 15.0.28307.572
MinimumVisualStudioVersion = 10.0.40219.1
Project("{8BC9CEB8-8B4A-11D0-8D11-00A0C91BC942}") = "ООП3", "ООП3\ООП3.vcxproj", "{F698883D-3BB4-4B59-B333-0BEA2633A6DB}"
EndProject
Global
	GlobalSection(SolutionConfigurationPlatforms) = preSolution
		Debug|x64 = Debug|x64
		Debug|x86 = Debug|x86
		Release|x64 = Release|x64
		Release|x86 = Release|x86
	EndGlobalSection
	GlobalSection(ProjectConfigurationPlatforms) = postSolution
		{F698883D-3BB4-4B59-B333-0BEA2633A6DB}.Debug|x64.ActiveCfg = Debug|x64
		{F698883D-3BB4-4B59-B333-0BEA2633A6DB}.Debug|x64.Build.0 = Debug|x64
		{F698883D-3BB4-4B59-B333-0BEA2633A6DB}.Debug|x86.ActiveCfg = Debug|Win32
		{F698883D-3BB4-4B59-B333-0BEA2633A6DB}.Debug|x86.Build.0 = Debug|Win32
		{F698883D-3BB4-4B59-B333-0BEA2633A6DB}.Release|x64.ActiveCfg = Release|x64
		{F698883D-3BB4-4B59-B333-0BEA2633A6DB}.Release|x64.Build.0 = Release|x64
		{F698883D-3BB4-4B59-B333-0BEA2633A6DB}.Release|x86.ActiveCfg = Release|Win32
		{F698883D-3BB4-4B59-B333-0BEA2633A6DB}.Release|x86.Build.0 = Release|Win32
	EndGlobalSection
	GlobalSection(SolutionProperties) = preSolution
		HideSolutionNode = FALSE
	EndGlobalSection
	GlobalSection(ExtensibilityGlobals) = postSolution
		SolutionGuid = {F044FFC4-0654-45BF-8DE6-6307378492B6}
	EndGlobalSection
EndGlobal
