
Microsoft Visual Studio Solution File, Format Version 12.00
# Visual Studio 15
VisualStudioVersion = 15.0.28307.572
MinimumVisualStudioVersion = 10.0.40219.1
Project("{8BC9CEB8-8B4A-11D0-8D11-00A0C91BC942}") = "ООП8", "ООП8\ООП8.vcxproj", "{9F182C1C-B5FC-4A71-BFF5-94E4EA0DD18D}"
EndProject
Global
	GlobalSection(SolutionConfigurationPlatforms) = preSolution
		Debug|x64 = Debug|x64
		Debug|x86 = Debug|x86
		Release|x64 = Release|x64
		Release|x86 = Release|x86
	EndGlobalSection
	GlobalSection(ProjectConfigurationPlatforms) = postSolution
		{9F182C1C-B5FC-4A71-BFF5-94E4EA0DD18D}.Debug|x64.ActiveCfg = Debug|x64
		{9F182C1C-B5FC-4A71-BFF5-94E4EA0DD18D}.Debug|x64.Build.0 = Debug|x64
		{9F182C1C-B5FC-4A71-BFF5-94E4EA0DD18D}.Debug|x86.ActiveCfg = Debug|Win32
		{9F182C1C-B5FC-4A71-BFF5-94E4EA0DD18D}.Debug|x86.Build.0 = Debug|Win32
		{9F182C1C-B5FC-4A71-BFF5-94E4EA0DD18D}.Release|x64.ActiveCfg = Release|x64
		{9F182C1C-B5FC-4A71-BFF5-94E4EA0DD18D}.Release|x64.Build.0 = Release|x64
		{9F182C1C-B5FC-4A71-BFF5-94E4EA0DD18D}.Release|x86.ActiveCfg = Release|Win32
		{9F182C1C-B5FC-4A71-BFF5-94E4EA0DD18D}.Release|x86.Build.0 = Release|Win32
	EndGlobalSection
	GlobalSection(SolutionProperties) = preSolution
		HideSolutionNode = FALSE
	EndGlobalSection
	GlobalSection(ExtensibilityGlobals) = postSolution
		SolutionGuid = {C2CA7B8F-FFB9-4937-9558-CE8EBCC28C96}
	EndGlobalSection
EndGlobal
